
Microsoft Visual Studio Solution File, Format Version 12.00
# Visual Studio Version 17
VisualStudioVersion = 17.0.31903.59
MinimumVisualStudioVersion = 10.0.40219.1
Project("{2150E333-8FDC-42A3-9474-1A3956D46DE8}") = "src", "src", "{6BF3F873-3AE7-4539-8521-A2FB495928F8}"
EndProject
Project("{FAE04EC0-301F-11D3-BF4B-00C04F79EFBC}") = "EVENTBOOKING.Web", "src\EVENTBOOKING.Web\EVENTBOOKING.Web.csproj", "{95942606-3317-431A-9880-739682DFDF9F}"
EndProject
Project("{FAE04EC0-301F-11D3-BF4B-00C04F79EFBC}") = "EVENTBOOKING.Application", "src\EVENTBOOKING.Application\EVENTBOOKING.Application.csproj", "{81E306DF-B0E4-4458-B991-3F50A4B32BBF}"
EndProject
Project("{FAE04EC0-301F-11D3-BF4B-00C04F79EFBC}") = "EVENTBOOKING.Domain", "src\EVENTBOOKING.Domain\EVENTBOOKING.Domain.csproj", "{E7D15AFC-BC33-4E4A-BEF1-457DC3421CDC}"
EndProject
Project("{FAE04EC0-301F-11D3-BF4B-00C04F79EFBC}") = "EVENTBOOKING.Infrastructure", "src\EVENTBOOKING.Infrastructure\EVENTBOOKING.Infrastructure.csproj", "{2AD90BE3-95E3-46AA-8435-06DB1855F1BA}"
EndProject
Project("{FAE04EC0-301F-11D3-BF4B-00C04F79EFBC}") = "EVENTBOOKING.Shared", "src\EVENTBOOKING.Shared\EVENTBOOKING.Shared.csproj", "{C67EF9BB-B834-4688-A126-BF2772B6FE60}"
EndProject
Global
	GlobalSection(SolutionConfigurationPlatforms) = preSolution
		Debug|Any CPU = Debug|Any CPU
		Release|Any CPU = Release|Any CPU
	EndGlobalSection
	GlobalSection(SolutionProperties) = preSolution
		HideSolutionNode = FALSE
	EndGlobalSection
	GlobalSection(ProjectConfigurationPlatforms) = postSolution
		{95942606-3317-431A-9880-739682DFDF9F}.Debug|Any CPU.ActiveCfg = Debug|Any CPU
		{95942606-3317-431A-9880-739682DFDF9F}.Debug|Any CPU.Build.0 = Debug|Any CPU
		{95942606-3317-431A-9880-739682DFDF9F}.Release|Any CPU.ActiveCfg = Release|Any CPU
		{95942606-3317-431A-9880-739682DFDF9F}.Release|Any CPU.Build.0 = Release|Any CPU
		{81E306DF-B0E4-4458-B991-3F50A4B32BBF}.Debug|Any CPU.ActiveCfg = Debug|Any CPU
		{81E306DF-B0E4-4458-B991-3F50A4B32BBF}.Debug|Any CPU.Build.0 = Debug|Any CPU
		{81E306DF-B0E4-4458-B991-3F50A4B32BBF}.Release|Any CPU.ActiveCfg = Release|Any CPU
		{81E306DF-B0E4-4458-B991-3F50A4B32BBF}.Release|Any CPU.Build.0 = Release|Any CPU
		{E7D15AFC-BC33-4E4A-BEF1-457DC3421CDC}.Debug|Any CPU.ActiveCfg = Debug|Any CPU
		{E7D15AFC-BC33-4E4A-BEF1-457DC3421CDC}.Debug|Any CPU.Build.0 = Debug|Any CPU
		{E7D15AFC-BC33-4E4A-BEF1-457DC3421CDC}.Release|Any CPU.ActiveCfg = Release|Any CPU
		{E7D15AFC-BC33-4E4A-BEF1-457DC3421CDC}.Release|Any CPU.Build.0 = Release|Any CPU
		{2AD90BE3-95E3-46AA-8435-06DB1855F1BA}.Debug|Any CPU.ActiveCfg = Debug|Any CPU
		{2AD90BE3-95E3-46AA-8435-06DB1855F1BA}.Debug|Any CPU.Build.0 = Debug|Any CPU
		{2AD90BE3-95E3-46AA-8435-06DB1855F1BA}.Release|Any CPU.ActiveCfg = Release|Any CPU
		{2AD90BE3-95E3-46AA-8435-06DB1855F1BA}.Release|Any CPU.Build.0 = Release|Any CPU
		{C67EF9BB-B834-4688-A126-BF2772B6FE60}.Debug|Any CPU.ActiveCfg = Debug|Any CPU
		{C67EF9BB-B834-4688-A126-BF2772B6FE60}.Debug|Any CPU.Build.0 = Debug|Any CPU
		{C67EF9BB-B834-4688-A126-BF2772B6FE60}.Release|Any CPU.ActiveCfg = Release|Any CPU
		{C67EF9BB-B834-4688-A126-BF2772B6FE60}.Release|Any CPU.Build.0 = Release|Any CPU
	EndGlobalSection
	GlobalSection(NestedProjects) = preSolution
		{95942606-3317-431A-9880-739682DFDF9F} = {6BF3F873-3AE7-4539-8521-A2FB495928F8}
		{81E306DF-B0E4-4458-B991-3F50A4B32BBF} = {6BF3F873-3AE7-4539-8521-A2FB495928F8}
		{E7D15AFC-BC33-4E4A-BEF1-457DC3421CDC} = {6BF3F873-3AE7-4539-8521-A2FB495928F8}
		{2AD90BE3-95E3-46AA-8435-06DB1855F1BA} = {6BF3F873-3AE7-4539-8521-A2FB495928F8}
		{C67EF9BB-B834-4688-A126-BF2772B6FE60} = {6BF3F873-3AE7-4539-8521-A2FB495928F8}
	EndGlobalSection
EndGlobal
